
Microsoft Visual Studio Solution File, Format Version 12.00
# Visual Studio Version 17
VisualStudioVersion = 17.4.33213.308
MinimumVisualStudioVersion = 10.0.40219.1
Project("{FAE04EC0-301F-11D3-BF4B-00C04F79EFBC}") = "FukcjaKwadratowa", "FukcjaKwadratowa\FukcjaKwadratowa.csproj", "{8A190C91-E9BA-46D2-821D-9EE7EECE8B9B}"
EndProject
Global
	GlobalSection(SolutionConfigurationPlatforms) = preSolution
		Debug|Any CPU = Debug|Any CPU
		Release|Any CPU = Release|Any CPU
	EndGlobalSection
	GlobalSection(ProjectConfigurationPlatforms) = postSolution
		{8A190C91-E9BA-46D2-821D-9EE7EECE8B9B}.Debug|Any CPU.ActiveCfg = Debug|Any CPU
		{8A190C91-E9BA-46D2-821D-9EE7EECE8B9B}.Debug|Any CPU.Build.0 = Debug|Any CPU
		{8A190C91-E9BA-46D2-821D-9EE7EECE8B9B}.Release|Any CPU.ActiveCfg = Release|Any CPU
		{8A190C91-E9BA-46D2-821D-9EE7EECE8B9B}.Release|Any CPU.Build.0 = Release|Any CPU
	EndGlobalSection
	GlobalSection(SolutionProperties) = preSolution
		HideSolutionNode = FALSE
	EndGlobalSection
	GlobalSection(ExtensibilityGlobals) = postSolution
		SolutionGuid = {D5D8EAE2-27BB-490A-80AC-76D19EDB5A07}
	EndGlobalSection
EndGlobal
